# This file is autogenerated, do not edit; changes may be undone by the next 'dep ensure'.


[[projects]]
  branch = "master"
  name = "github.com/armon/go-socks5"
  packages = ["."]
  revision = "e75332964ef517daa070d7c38a9466a0d687e0a5"

[[projects]]
  branch = "master"
  name = "github.com/hashicorp/logutils"
  packages = ["."]
  revision = "0dc08b1671f34c4250ce212759ebd880f743d883"

[[projects]]
  branch = "master"
  name = "golang.org/x/net"
  packages = ["context"]
  revision = "d0aafc73d5cdc42264b0af071c261abac580695e"

[solve-meta]
  analyzer-name = "dep"
  analyzer-version = 1
  inputs-digest = "1735fd1a2ca0d864a1c4db7c69729d284b5d096d3c56393b51aa926832da5348"
  solver-name = "gps-cdcl"
  solver-version = 1
